Microsoft Visual Studio Solution File, Format Version 12.00
# Visual Studio Version 17
VisualStudioVersion = 17.5.2.0
MinimumVisualStudioVersion = 10.0.40219.1
Project("{FAE04EC0-301F-11D3-BF4B-00C04F79EFBC}") = "Yatzee", "Yatzee\Yatzee.csproj", "{62D8DAF5-224C-E43C-6E60-3D0A5EE2F724}"
EndProject
Global
	GlobalSection(SolutionConfigurationPlatforms) = preSolution
		Debug|Any CPU = Debug|Any CPU
		Release|Any CPU = Release|Any CPU
	EndGlobalSection
	GlobalSection(ProjectConfigurationPlatforms) = postSolution
		{62D8DAF5-224C-E43C-6E60-3D0A5EE2F724}.Debug|Any CPU.ActiveCfg = Debug|Any CPU
		{62D8DAF5-224C-E43C-6E60-3D0A5EE2F724}.Debug|Any CPU.Build.0 = Debug|Any CPU
		{62D8DAF5-224C-E43C-6E60-3D0A5EE2F724}.Release|Any CPU.ActiveCfg = Release|Any CPU
		{62D8DAF5-224C-E43C-6E60-3D0A5EE2F724}.Release|Any CPU.Build.0 = Release|Any CPU
	EndGlobalSection
	GlobalSection(SolutionProperties) = preSolution
		HideSolutionNode = FALSE
	EndGlobalSection
	GlobalSection(ExtensibilityGlobals) = postSolution
		SolutionGuid = {4EE9762E-5310-4DB8-90E9-AECDA8D8E06D}
	EndGlobalSection
EndGlobal
